
Microsoft Visual Studio Solution File, Format Version 12.00
# Visual Studio Version 17
VisualStudioVersion = 17.1.32210.238
MinimumVisualStudioVersion = 10.0.40219.1
Project("{FAE04EC0-301F-11D3-BF4B-00C04F79EFBC}") = "stock-worker", "stock-worker\stock-worker.csproj", "{F6C5C469-7247-4DC4-8EE6-33780A6654FC}"
EndProject
Global
	GlobalSection(SolutionConfigurationPlatforms) = preSolution
		Debug|Any CPU = Debug|Any CPU
		Release|Any CPU = Release|Any CPU
	EndGlobalSection
	GlobalSection(ProjectConfigurationPlatforms) = postSolution
		{F6C5C469-7247-4DC4-8EE6-33780A6654FC}.Debug|Any CPU.ActiveCfg = Debug|Any CPU
		{F6C5C469-7247-4DC4-8EE6-33780A6654FC}.Debug|Any CPU.Build.0 = Debug|Any CPU
		{F6C5C469-7247-4DC4-8EE6-33780A6654FC}.Release|Any CPU.ActiveCfg = Release|Any CPU
		{F6C5C469-7247-4DC4-8EE6-33780A6654FC}.Release|Any CPU.Build.0 = Release|Any CPU
	EndGlobalSection
	GlobalSection(SolutionProperties) = preSolution
		HideSolutionNode = FALSE
	EndGlobalSection
	GlobalSection(ExtensibilityGlobals) = postSolution
		SolutionGuid = {FEA99A00-2B5B-4A95-80C1-187A8A282C91}
	EndGlobalSection
EndGlobal
