
Microsoft Visual Studio Solution File, Format Version 12.00
# Visual Studio Version 17
VisualStudioVersion = 17.1.32210.238
MinimumVisualStudioVersion = 10.0.40219.1
Project("{FAE04EC0-301F-11D3-BF4B-00C04F79EFBC}") = "stock-bot", "stock-bot\stock-bot.csproj", "{BE6F943B-956D-4F7B-919C-6054F58722B9}"
EndProject
Global
	GlobalSection(SolutionConfigurationPlatforms) = preSolution
		Debug|Any CPU = Debug|Any CPU
		Release|Any CPU = Release|Any CPU
	EndGlobalSection
	GlobalSection(ProjectConfigurationPlatforms) = postSolution
		{BE6F943B-956D-4F7B-919C-6054F58722B9}.Debug|Any CPU.ActiveCfg = Debug|Any CPU
		{BE6F943B-956D-4F7B-919C-6054F58722B9}.Debug|Any CPU.Build.0 = Debug|Any CPU
		{BE6F943B-956D-4F7B-919C-6054F58722B9}.Release|Any CPU.ActiveCfg = Release|Any CPU
		{BE6F943B-956D-4F7B-919C-6054F58722B9}.Release|Any CPU.Build.0 = Release|Any CPU
	EndGlobalSection
	GlobalSection(SolutionProperties) = preSolution
		HideSolutionNode = FALSE
	EndGlobalSection
	GlobalSection(ExtensibilityGlobals) = postSolution
		SolutionGuid = {8671AB25-2144-443A-9B19-AE60560AB178}
	EndGlobalSection
EndGlobal
